
Microsoft Visual Studio Solution File, Format Version 12.00
# Visual Studio Version 17
VisualStudioVersion = 17.0.31903.59
MinimumVisualStudioVersion = 10.0.40219.1
Project("{FAE04EC0-301F-11D3-BF4B-00C04F79EFBC}") = "Shared", "..\SharedLibrary\src\Shared\Shared.csproj", "{24111ABA-0810-4383-9425-BE94DAFDC974}"
EndProject
Project("{2150E333-8FDC-42A3-9474-1A3956D46DE8}") = "src", "src", "{827E0CD3-B72D-47B6-A68D-7590B98EB39B}"
EndProject
Project("{FAE04EC0-301F-11D3-BF4B-00C04F79EFBC}") = "Smdb.Core", "src\Smdb.Core\Smdb.Core.csproj", "{A0ADE241-E91D-4BDF-88FA-9579FF35CB00}"
EndProject
Project("{2150E333-8FDC-42A3-9474-1A3956D46DE8}") = "tests", "tests", "{0AB3BF05-4346-4AA6-1389-037BE0695223}"
EndProject
Project("{FAE04EC0-301F-11D3-BF4B-00C04F79EFBC}") = "Smdb.Core.Test", "tests\Smdb.Core.Test\Smdb.Core.Test.csproj", "{CB7A29B2-AAAB-4785-89F9-B579FBC42A49}"
EndProject
Project("{FAE04EC0-301F-11D3-BF4B-00C04F79EFBC}") = "Smdb.Api", "src\Smdb.Api\Smdb.Api.csproj", "{26468E29-CD65-4A40-98CB-8D23271CCFBA}"
EndProject
Project("{FAE04EC0-301F-11D3-BF4B-00C04F79EFBC}") = "Smdb.Api.Test", "tests\Smdb.Api.Test\Smdb.Api.Test.csproj", "{521848BE-E1BB-47AC-880D-08C0F4D0FFB5}"
EndProject
Project("{FAE04EC0-301F-11D3-BF4B-00C04F79EFBC}") = "Smdb.Csr", "src\Smdb.Csr\Smdb.Csr.csproj", "{7208575D-7597-4925-A1C7-6B65B1C7EB7A}"
EndProject
Project("{FAE04EC0-301F-11D3-BF4B-00C04F79EFBC}") = "Smdb.Csr.Test", "tests\Smdb.Csr.Test\Smdb.Csr.Test.csproj", "{F0C46F7F-A373-4312-9708-EF0D350F1404}"
EndProject
Global
	GlobalSection(SolutionConfigurationPlatforms) = preSolution
		Debug|Any CPU = Debug|Any CPU
		Debug|x64 = Debug|x64
		Debug|x86 = Debug|x86
		Release|Any CPU = Release|Any CPU
		Release|x64 = Release|x64
		Release|x86 = Release|x86
	EndGlobalSection
	GlobalSection(ProjectConfigurationPlatforms) = postSolution
		{24111ABA-0810-4383-9425-BE94DAFDC974}.Debug|Any CPU.ActiveCfg = Debug|Any CPU
		{24111ABA-0810-4383-9425-BE94DAFDC974}.Debug|Any CPU.Build.0 = Debug|Any CPU
		{24111ABA-0810-4383-9425-BE94DAFDC974}.Debug|x64.ActiveCfg = Debug|Any CPU
		{24111ABA-0810-4383-9425-BE94DAFDC974}.Debug|x64.Build.0 = Debug|Any CPU
		{24111ABA-0810-4383-9425-BE94DAFDC974}.Debug|x86.ActiveCfg = Debug|Any CPU
		{24111ABA-0810-4383-9425-BE94DAFDC974}.Debug|x86.Build.0 = Debug|Any CPU
		{24111ABA-0810-4383-9425-BE94DAFDC974}.Release|Any CPU.ActiveCfg = Release|Any CPU
		{24111ABA-0810-4383-9425-BE94DAFDC974}.Release|Any CPU.Build.0 = Release|Any CPU
		{24111ABA-0810-4383-9425-BE94DAFDC974}.Release|x64.ActiveCfg = Release|Any CPU
		{24111ABA-0810-4383-9425-BE94DAFDC974}.Release|x64.Build.0 = Release|Any CPU
		{24111ABA-0810-4383-9425-BE94DAFDC974}.Release|x86.ActiveCfg = Release|Any CPU
		{24111ABA-0810-4383-9425-BE94DAFDC974}.Release|x86.Build.0 = Release|Any CPU
		{A0ADE241-E91D-4BDF-88FA-9579FF35CB00}.Debug|Any CPU.ActiveCfg = Debug|Any CPU
		{A0ADE241-E91D-4BDF-88FA-9579FF35CB00}.Debug|Any CPU.Build.0 = Debug|Any CPU
		{A0ADE241-E91D-4BDF-88FA-9579FF35CB00}.Debug|x64.ActiveCfg = Debug|Any CPU
		{A0ADE241-E91D-4BDF-88FA-9579FF35CB00}.Debug|x64.Build.0 = Debug|Any CPU
		{A0ADE241-E91D-4BDF-88FA-9579FF35CB00}.Debug|x86.ActiveCfg = Debug|Any CPU
		{A0ADE241-E91D-4BDF-88FA-9579FF35CB00}.Debug|x86.Build.0 = Debug|Any CPU
		{A0ADE241-E91D-4BDF-88FA-9579FF35CB00}.Release|Any CPU.ActiveCfg = Release|Any CPU
		{A0ADE241-E91D-4BDF-88FA-9579FF35CB00}.Release|Any CPU.Build.0 = Release|Any CPU
		{A0ADE241-E91D-4BDF-88FA-9579FF35CB00}.Release|x64.ActiveCfg = Release|Any CPU
		{A0ADE241-E91D-4BDF-88FA-9579FF35CB00}.Release|x64.Build.0 = Release|Any CPU
		{A0ADE241-E91D-4BDF-88FA-9579FF35CB00}.Release|x86.ActiveCfg = Release|Any CPU
		{A0ADE241-E91D-4BDF-88FA-9579FF35CB00}.Release|x86.Build.0 = Release|Any CPU
		{CB7A29B2-AAAB-4785-89F9-B579FBC42A49}.Debug|Any CPU.ActiveCfg = Debug|Any CPU
		{CB7A29B2-AAAB-4785-89F9-B579FBC42A49}.Debug|Any CPU.Build.0 = Debug|Any CPU
		{CB7A29B2-AAAB-4785-89F9-B579FBC42A49}.Debug|x64.ActiveCfg = Debug|Any CPU
		{CB7A29B2-AAAB-4785-89F9-B579FBC42A49}.Debug|x64.Build.0 = Debug|Any CPU
		{CB7A29B2-AAAB-4785-89F9-B579FBC42A49}.Debug|x86.ActiveCfg = Debug|Any CPU
		{CB7A29B2-AAAB-4785-89F9-B579FBC42A49}.Debug|x86.Build.0 = Debug|Any CPU
		{CB7A29B2-AAAB-4785-89F9-B579FBC42A49}.Release|Any CPU.ActiveCfg = Release|Any CPU
		{CB7A29B2-AAAB-4785-89F9-B579FBC42A49}.Release|Any CPU.Build.0 = Release|Any CPU
		{CB7A29B2-AAAB-4785-89F9-B579FBC42A49}.Release|x64.ActiveCfg = Release|Any CPU
		{CB7A29B2-AAAB-4785-89F9-B579FBC42A49}.Release|x64.Build.0 = Release|Any CPU
		{CB7A29B2-AAAB-4785-89F9-B579FBC42A49}.Release|x86.ActiveCfg = Release|Any CPU
		{CB7A29B2-AAAB-4785-89F9-B579FBC42A49}.Release|x86.Build.0 = Release|Any CPU
		{26468E29-CD65-4A40-98CB-8D23271CCFBA}.Debug|Any CPU.ActiveCfg = Debug|Any CPU
		{26468E29-CD65-4A40-98CB-8D23271CCFBA}.Debug|Any CPU.Build.0 = Debug|Any CPU
		{26468E29-CD65-4A40-98CB-8D23271CCFBA}.Debug|x64.ActiveCfg = Debug|Any CPU
		{26468E29-CD65-4A40-98CB-8D23271CCFBA}.Debug|x64.Build.0 = Debug|Any CPU
		{26468E29-CD65-4A40-98CB-8D23271CCFBA}.Debug|x86.ActiveCfg = Debug|Any CPU
		{26468E29-CD65-4A40-98CB-8D23271CCFBA}.Debug|x86.Build.0 = Debug|Any CPU
		{26468E29-CD65-4A40-98CB-8D23271CCFBA}.Release|Any CPU.ActiveCfg = Release|Any CPU
		{26468E29-CD65-4A40-98CB-8D23271CCFBA}.Release|Any CPU.Build.0 = Release|Any CPU
		{26468E29-CD65-4A40-98CB-8D23271CCFBA}.Release|x64.ActiveCfg = Release|Any CPU
		{26468E29-CD65-4A40-98CB-8D23271CCFBA}.Release|x64.Build.0 = Release|Any CPU
		{26468E29-CD65-4A40-98CB-8D23271CCFBA}.Release|x86.ActiveCfg = Release|Any CPU
		{26468E29-CD65-4A40-98CB-8D23271CCFBA}.Release|x86.Build.0 = Release|Any CPU
		{521848BE-E1BB-47AC-880D-08C0F4D0FFB5}.Debug|Any CPU.ActiveCfg = Debug|Any CPU
		{521848BE-E1BB-47AC-880D-08C0F4D0FFB5}.Debug|Any CPU.Build.0 = Debug|Any CPU
		{521848BE-E1BB-47AC-880D-08C0F4D0FFB5}.Debug|x64.ActiveCfg = Debug|Any CPU
		{521848BE-E1BB-47AC-880D-08C0F4D0FFB5}.Debug|x64.Build.0 = Debug|Any CPU
		{521848BE-E1BB-47AC-880D-08C0F4D0FFB5}.Debug|x86.ActiveCfg = Debug|Any CPU
		{521848BE-E1BB-47AC-880D-08C0F4D0FFB5}.Debug|x86.Build.0 = Debug|Any CPU
		{521848BE-E1BB-47AC-880D-08C0F4D0FFB5}.Release|Any CPU.ActiveCfg = Release|Any CPU
		{521848BE-E1BB-47AC-880D-08C0F4D0FFB5}.Release|Any CPU.Build.0 = Release|Any CPU
		{521848BE-E1BB-47AC-880D-08C0F4D0FFB5}.Release|x64.ActiveCfg = Release|Any CPU
		{521848BE-E1BB-47AC-880D-08C0F4D0FFB5}.Release|x64.Build.0 = Release|Any CPU
		{521848BE-E1BB-47AC-880D-08C0F4D0FFB5}.Release|x86.ActiveCfg = Release|Any CPU
		{521848BE-E1BB-47AC-880D-08C0F4D0FFB5}.Release|x86.Build.0 = Release|Any CPU
		{7208575D-7597-4925-A1C7-6B65B1C7EB7A}.Debug|Any CPU.ActiveCfg = Debug|Any CPU
		{7208575D-7597-4925-A1C7-6B65B1C7EB7A}.Debug|Any CPU.Build.0 = Debug|Any CPU
		{7208575D-7597-4925-A1C7-6B65B1C7EB7A}.Debug|x64.ActiveCfg = Debug|Any CPU
		{7208575D-7597-4925-A1C7-6B65B1C7EB7A}.Debug|x64.Build.0 = Debug|Any CPU
		{7208575D-7597-4925-A1C7-6B65B1C7EB7A}.Debug|x86.ActiveCfg = Debug|Any CPU
		{7208575D-7597-4925-A1C7-6B65B1C7EB7A}.Debug|x86.Build.0 = Debug|Any CPU
		{7208575D-7597-4925-A1C7-6B65B1C7EB7A}.Release|Any CPU.ActiveCfg = Release|Any CPU
		{7208575D-7597-4925-A1C7-6B65B1C7EB7A}.Release|Any CPU.Build.0 = Release|Any CPU
		{7208575D-7597-4925-A1C7-6B65B1C7EB7A}.Release|x64.ActiveCfg = Release|Any CPU
		{7208575D-7597-4925-A1C7-6B65B1C7EB7A}.Release|x64.Build.0 = Release|Any CPU
		{7208575D-7597-4925-A1C7-6B65B1C7EB7A}.Release|x86.ActiveCfg = Release|Any CPU
		{7208575D-7597-4925-A1C7-6B65B1C7EB7A}.Release|x86.Build.0 = Release|Any CPU
		{F0C46F7F-A373-4312-9708-EF0D350F1404}.Debug|Any CPU.ActiveCfg = Debug|Any CPU
		{F0C46F7F-A373-4312-9708-EF0D350F1404}.Debug|Any CPU.Build.0 = Debug|Any CPU
		{F0C46F7F-A373-4312-9708-EF0D350F1404}.Debug|x64.ActiveCfg = Debug|Any CPU
		{F0C46F7F-A373-4312-9708-EF0D350F1404}.Debug|x64.Build.0 = Debug|Any CPU
		{F0C46F7F-A373-4312-9708-EF0D350F1404}.Debug|x86.ActiveCfg = Debug|Any CPU
		{F0C46F7F-A373-4312-9708-EF0D350F1404}.Debug|x86.Build.0 = Debug|Any CPU
		{F0C46F7F-A373-4312-9708-EF0D350F1404}.Release|Any CPU.ActiveCfg = Release|Any CPU
		{F0C46F7F-A373-4312-9708-EF0D350F1404}.Release|Any CPU.Build.0 = Release|Any CPU
		{F0C46F7F-A373-4312-9708-EF0D350F1404}.Release|x64.ActiveCfg = Release|Any CPU
		{F0C46F7F-A373-4312-9708-EF0D350F1404}.Release|x64.Build.0 = Release|Any CPU
		{F0C46F7F-A373-4312-9708-EF0D350F1404}.Release|x86.ActiveCfg = Release|Any CPU
		{F0C46F7F-A373-4312-9708-EF0D350F1404}.Release|x86.Build.0 = Release|Any CPU
	EndGlobalSection
	GlobalSection(SolutionProperties) = preSolution
		HideSolutionNode = FALSE
	EndGlobalSection
	GlobalSection(NestedProjects) = preSolution
		{A0ADE241-E91D-4BDF-88FA-9579FF35CB00} = {827E0CD3-B72D-47B6-A68D-7590B98EB39B}
		{CB7A29B2-AAAB-4785-89F9-B579FBC42A49} = {0AB3BF05-4346-4AA6-1389-037BE0695223}
		{26468E29-CD65-4A40-98CB-8D23271CCFBA} = {827E0CD3-B72D-47B6-A68D-7590B98EB39B}
		{521848BE-E1BB-47AC-880D-08C0F4D0FFB5} = {0AB3BF05-4346-4AA6-1389-037BE0695223}
		{7208575D-7597-4925-A1C7-6B65B1C7EB7A} = {827E0CD3-B72D-47B6-A68D-7590B98EB39B}
		{F0C46F7F-A373-4312-9708-EF0D350F1404} = {0AB3BF05-4346-4AA6-1389-037BE0695223}
	EndGlobalSection
EndGlobal
